
Microsoft Visual Studio Solution File, Format Version 12.00
# Visual Studio Version 16
VisualStudioVersion = 16.0.32802.440
MinimumVisualStudioVersion = 10.0.40219.1
Project("{2150E333-8FDC-42A3-9474-1A3956D46DE8}") = "Services", "Services", "{B282DE2D-C2F1-4B50-822A-BEEBB4A33C95}"
EndProject
Project("{2150E333-8FDC-42A3-9474-1A3956D46DE8}") = "Catalog", "Catalog", "{FA00FCB8-3EBB-41C2-81D3-740540E3CA22}"
EndProject
Project("{9A19103F-16F7-4668-BE54-9A1E7A4F7556}") = "Catalog.API", "Services\Catalog\Catalog.API\Catalog.API.csproj", "{88D98A1E-5C71-4F3D-B799-4B1D4E48C4DD}"
EndProject
Project("{E53339B2-1760-4266-BCC7-CA923CBCF16C}") = "docker-compose", "docker-compose.dcproj", "{7368760E-E3DE-4BC5-9468-DD9A735CDAB3}"
EndProject
Project("{2150E333-8FDC-42A3-9474-1A3956D46DE8}") = "Basket", "Basket", "{B306792C-5578-47E0-B59D-265F75CAAB1B}"
EndProject
Project("{9A19103F-16F7-4668-BE54-9A1E7A4F7556}") = "Basket.API", "Services\Basket\Basket.API\Basket.API.csproj", "{8D20EB53-6A69-47A4-AC1B-ED0CE05A6F2D}"
EndProject
Project("{2150E333-8FDC-42A3-9474-1A3956D46DE8}") = "Discount", "Discount", "{086929D3-8C93-40FF-BF99-B9345B0C137E}"
EndProject
Project("{9A19103F-16F7-4668-BE54-9A1E7A4F7556}") = "Discount.API", "Services\Discount\Discount.API\Discount.API.csproj", "{1A5848D7-20EC-415A-9196-40B47BE0B091}"
EndProject
Project("{FAE04EC0-301F-11D3-BF4B-00C04F79EFBC}") = "Discount.Grpc", "Services\Discount\Discount.Grpc\Discount.Grpc.csproj", "{445C77FB-E32C-4CE8-922F-21C72B8DCF2D}"
EndProject
Project("{2150E333-8FDC-42A3-9474-1A3956D46DE8}") = "Ordering", "Ordering", "{9ABC4B2E-5F0F-4DFD-957E-DBA312E95334}"
EndProject
Project("{FAE04EC0-301F-11D3-BF4B-00C04F79EFBC}") = "Ordering.API", "Services\Ordering\Ordering.API\Ordering.API.csproj", "{2B9CC0EE-3845-45DE-9149-B1FBFDA7EA4C}"
EndProject
Project("{FAE04EC0-301F-11D3-BF4B-00C04F79EFBC}") = "Ordering.Domain", "Services\Ordering\Ordering.Domain\Ordering.Domain.csproj", "{EB18CEBB-8D4F-408F-935F-BCCE3B223519}"
EndProject
Project("{FAE04EC0-301F-11D3-BF4B-00C04F79EFBC}") = "Ordering.Application", "Services\Ordering\Ordering.Application\Ordering.Application.csproj", "{B16A4DBA-C38E-4C2B-AB46-CBBC7B5752BD}"
EndProject
Project("{FAE04EC0-301F-11D3-BF4B-00C04F79EFBC}") = "Ordering.Infrastructure", "Services\Ordering\Ordering.Infrastructure\Ordering.Infrastructure.csproj", "{7C3D91D8-3676-435D-8EBF-5B70247398E5}"
EndProject
Project("{2150E333-8FDC-42A3-9474-1A3956D46DE8}") = "BuildingBlocks", "BuildingBlocks", "{4F8AFAFE-254A-4FAC-B874-2D9779D4B421}"
EndProject
Project("{FAE04EC0-301F-11D3-BF4B-00C04F79EFBC}") = "EventBus.Messages", "BuildingBlocks\EventBus.Messages\EventBus.Messages.csproj", "{72FBC883-F0F0-40A8-A37E-D39F74E1FDF7}"
EndProject
Project("{2150E333-8FDC-42A3-9474-1A3956D46DE8}") = "ApiGateways", "ApiGateways", "{C8A31CE6-755B-4D01-B83D-9A350D8CDE43}"
EndProject
Project("{FAE04EC0-301F-11D3-BF4B-00C04F79EFBC}") = "OcelotApiGw", "ApiGateways\OcelotApiGw\OcelotApiGw.csproj", "{0782AC98-07F9-452F-B4A3-CE86207DA52C}"
EndProject
Project("{FAE04EC0-301F-11D3-BF4B-00C04F79EFBC}") = "Shopping.Aggregator", "ApiGateways\Shopping.Aggregator\Shopping.Aggregator.csproj", "{31F7D238-D9B9-4464-A1EF-79FB78165EC3}"
EndProject
Project("{2150E333-8FDC-42A3-9474-1A3956D46DE8}") = "WebApps", "WebApps", "{66C7F135-2568-4880-BA25-6C95581BDE32}"
EndProject
Project("{FAE04EC0-301F-11D3-BF4B-00C04F79EFBC}") = "AspnetRunBasics", "WebApps\AspnetRunBasics\AspnetRunBasics.csproj", "{30A4B3ED-881E-4628-A481-3417CA47C367}"
EndProject
Project("{FAE04EC0-301F-11D3-BF4B-00C04F79EFBC}") = "Common.Logging", "BuildingBlocks\Common.Logging\Common.Logging.csproj", "{468D70E1-59C0-4660-8E38-E759BF224836}"
EndProject
Global
	GlobalSection(SolutionConfigurationPlatforms) = preSolution
		Debug|Any CPU = Debug|Any CPU
		Release|Any CPU = Release|Any CPU
	EndGlobalSection
	GlobalSection(ProjectConfigurationPlatforms) = postSolution
		{88D98A1E-5C71-4F3D-B799-4B1D4E48C4DD}.Debug|Any CPU.ActiveCfg = Debug|Any CPU
		{88D98A1E-5C71-4F3D-B799-4B1D4E48C4DD}.Debug|Any CPU.Build.0 = Debug|Any CPU
		{88D98A1E-5C71-4F3D-B799-4B1D4E48C4DD}.Release|Any CPU.ActiveCfg = Release|Any CPU
		{88D98A1E-5C71-4F3D-B799-4B1D4E48C4DD}.Release|Any CPU.Build.0 = Release|Any CPU
		{7368760E-E3DE-4BC5-9468-DD9A735CDAB3}.Debug|Any CPU.ActiveCfg = Debug|Any CPU
		{7368760E-E3DE-4BC5-9468-DD9A735CDAB3}.Debug|Any CPU.Build.0 = Debug|Any CPU
		{7368760E-E3DE-4BC5-9468-DD9A735CDAB3}.Release|Any CPU.ActiveCfg = Release|Any CPU
		{7368760E-E3DE-4BC5-9468-DD9A735CDAB3}.Release|Any CPU.Build.0 = Release|Any CPU
		{8D20EB53-6A69-47A4-AC1B-ED0CE05A6F2D}.Debug|Any CPU.ActiveCfg = Debug|Any CPU
		{8D20EB53-6A69-47A4-AC1B-ED0CE05A6F2D}.Debug|Any CPU.Build.0 = Debug|Any CPU
		{8D20EB53-6A69-47A4-AC1B-ED0CE05A6F2D}.Release|Any CPU.ActiveCfg = Release|Any CPU
		{8D20EB53-6A69-47A4-AC1B-ED0CE05A6F2D}.Release|Any CPU.Build.0 = Release|Any CPU
		{1A5848D7-20EC-415A-9196-40B47BE0B091}.Debug|Any CPU.ActiveCfg = Debug|Any CPU
		{1A5848D7-20EC-415A-9196-40B47BE0B091}.Debug|Any CPU.Build.0 = Debug|Any CPU
		{1A5848D7-20EC-415A-9196-40B47BE0B091}.Release|Any CPU.ActiveCfg = Release|Any CPU
		{1A5848D7-20EC-415A-9196-40B47BE0B091}.Release|Any CPU.Build.0 = Release|Any CPU
		{445C77FB-E32C-4CE8-922F-21C72B8DCF2D}.Debug|Any CPU.ActiveCfg = Debug|Any CPU
		{445C77FB-E32C-4CE8-922F-21C72B8DCF2D}.Debug|Any CPU.Build.0 = Debug|Any CPU
		{445C77FB-E32C-4CE8-922F-21C72B8DCF2D}.Release|Any CPU.ActiveCfg = Release|Any CPU
		{445C77FB-E32C-4CE8-922F-21C72B8DCF2D}.Release|Any CPU.Build.0 = Release|Any CPU
		{2B9CC0EE-3845-45DE-9149-B1FBFDA7EA4C}.Debug|Any CPU.ActiveCfg = Debug|Any CPU
		{2B9CC0EE-3845-45DE-9149-B1FBFDA7EA4C}.Debug|Any CPU.Build.0 = Debug|Any CPU
		{2B9CC0EE-3845-45DE-9149-B1FBFDA7EA4C}.Release|Any CPU.ActiveCfg = Release|Any CPU
		{2B9CC0EE-3845-45DE-9149-B1FBFDA7EA4C}.Release|Any CPU.Build.0 = Release|Any CPU
		{EB18CEBB-8D4F-408F-935F-BCCE3B223519}.Debug|Any CPU.ActiveCfg = Debug|Any CPU
		{EB18CEBB-8D4F-408F-935F-BCCE3B223519}.Debug|Any CPU.Build.0 = Debug|Any CPU
		{EB18CEBB-8D4F-408F-935F-BCCE3B223519}.Release|Any CPU.ActiveCfg = Release|Any CPU
		{EB18CEBB-8D4F-408F-935F-BCCE3B223519}.Release|Any CPU.Build.0 = Release|Any CPU
		{B16A4DBA-C38E-4C2B-AB46-CBBC7B5752BD}.Debug|Any CPU.ActiveCfg = Debug|Any CPU
		{B16A4DBA-C38E-4C2B-AB46-CBBC7B5752BD}.Debug|Any CPU.Build.0 = Debug|Any CPU
		{B16A4DBA-C38E-4C2B-AB46-CBBC7B5752BD}.Release|Any CPU.ActiveCfg = Release|Any CPU
		{B16A4DBA-C38E-4C2B-AB46-CBBC7B5752BD}.Release|Any CPU.Build.0 = Release|Any CPU
		{7C3D91D8-3676-435D-8EBF-5B70247398E5}.Debug|Any CPU.ActiveCfg = Debug|Any CPU
		{7C3D91D8-3676-435D-8EBF-5B70247398E5}.Debug|Any CPU.Build.0 = Debug|Any CPU
		{7C3D91D8-3676-435D-8EBF-5B70247398E5}.Release|Any CPU.ActiveCfg = Release|Any CPU
		{7C3D91D8-3676-435D-8EBF-5B70247398E5}.Release|Any CPU.Build.0 = Release|Any CPU
		{72FBC883-F0F0-40A8-A37E-D39F74E1FDF7}.Debug|Any CPU.ActiveCfg = Debug|Any CPU
		{72FBC883-F0F0-40A8-A37E-D39F74E1FDF7}.Debug|Any CPU.Build.0 = Debug|Any CPU
		{72FBC883-F0F0-40A8-A37E-D39F74E1FDF7}.Release|Any CPU.ActiveCfg = Release|Any CPU
		{72FBC883-F0F0-40A8-A37E-D39F74E1FDF7}.Release|Any CPU.Build.0 = Release|Any CPU
		{0782AC98-07F9-452F-B4A3-CE86207DA52C}.Debug|Any CPU.ActiveCfg = Debug|Any CPU
		{0782AC98-07F9-452F-B4A3-CE86207DA52C}.Debug|Any CPU.Build.0 = Debug|Any CPU
		{0782AC98-07F9-452F-B4A3-CE86207DA52C}.Release|Any CPU.ActiveCfg = Release|Any CPU
		{0782AC98-07F9-452F-B4A3-CE86207DA52C}.Release|Any CPU.Build.0 = Release|Any CPU
		{31F7D238-D9B9-4464-A1EF-79FB78165EC3}.Debug|Any CPU.ActiveCfg = Debug|Any CPU
		{31F7D238-D9B9-4464-A1EF-79FB78165EC3}.Debug|Any CPU.Build.0 = Debug|Any CPU
		{31F7D238-D9B9-4464-A1EF-79FB78165EC3}.Release|Any CPU.ActiveCfg = Release|Any CPU
		{31F7D238-D9B9-4464-A1EF-79FB78165EC3}.Release|Any CPU.Build.0 = Release|Any CPU
		{30A4B3ED-881E-4628-A481-3417CA47C367}.Debug|Any CPU.ActiveCfg = Debug|Any CPU
		{30A4B3ED-881E-4628-A481-3417CA47C367}.Debug|Any CPU.Build.0 = Debug|Any CPU
		{30A4B3ED-881E-4628-A481-3417CA47C367}.Release|Any CPU.ActiveCfg = Release|Any CPU
		{30A4B3ED-881E-4628-A481-3417CA47C367}.Release|Any CPU.Build.0 = Release|Any CPU
		{468D70E1-59C0-4660-8E38-E759BF224836}.Debug|Any CPU.ActiveCfg = Debug|Any CPU
		{468D70E1-59C0-4660-8E38-E759BF224836}.Debug|Any CPU.Build.0 = Debug|Any CPU
		{468D70E1-59C0-4660-8E38-E759BF224836}.Release|Any CPU.ActiveCfg = Release|Any CPU
		{468D70E1-59C0-4660-8E38-E759BF224836}.Release|Any CPU.Build.0 = Release|Any CPU
	EndGlobalSection
	GlobalSection(SolutionProperties) = preSolution
		HideSolutionNode = FALSE
	EndGlobalSection
	GlobalSection(NestedProjects) = preSolution
		{FA00FCB8-3EBB-41C2-81D3-740540E3CA22} = {B282DE2D-C2F1-4B50-822A-BEEBB4A33C95}
		{88D98A1E-5C71-4F3D-B799-4B1D4E48C4DD} = {FA00FCB8-3EBB-41C2-81D3-740540E3CA22}
		{B306792C-5578-47E0-B59D-265F75CAAB1B} = {B282DE2D-C2F1-4B50-822A-BEEBB4A33C95}
		{8D20EB53-6A69-47A4-AC1B-ED0CE05A6F2D} = {B306792C-5578-47E0-B59D-265F75CAAB1B}
		{086929D3-8C93-40FF-BF99-B9345B0C137E} = {B282DE2D-C2F1-4B50-822A-BEEBB4A33C95}
		{1A5848D7-20EC-415A-9196-40B47BE0B091} = {086929D3-8C93-40FF-BF99-B9345B0C137E}
		{445C77FB-E32C-4CE8-922F-21C72B8DCF2D} = {086929D3-8C93-40FF-BF99-B9345B0C137E}
		{9ABC4B2E-5F0F-4DFD-957E-DBA312E95334} = {B282DE2D-C2F1-4B50-822A-BEEBB4A33C95}
		{2B9CC0EE-3845-45DE-9149-B1FBFDA7EA4C} = {9ABC4B2E-5F0F-4DFD-957E-DBA312E95334}
		{EB18CEBB-8D4F-408F-935F-BCCE3B223519} = {9ABC4B2E-5F0F-4DFD-957E-DBA312E95334}
		{B16A4DBA-C38E-4C2B-AB46-CBBC7B5752BD} = {9ABC4B2E-5F0F-4DFD-957E-DBA312E95334}
		{7C3D91D8-3676-435D-8EBF-5B70247398E5} = {9ABC4B2E-5F0F-4DFD-957E-DBA312E95334}
		{72FBC883-F0F0-40A8-A37E-D39F74E1FDF7} = {4F8AFAFE-254A-4FAC-B874-2D9779D4B421}
		{0782AC98-07F9-452F-B4A3-CE86207DA52C} = {C8A31CE6-755B-4D01-B83D-9A350D8CDE43}
		{31F7D238-D9B9-4464-A1EF-79FB78165EC3} = {C8A31CE6-755B-4D01-B83D-9A350D8CDE43}
		{30A4B3ED-881E-4628-A481-3417CA47C367} = {66C7F135-2568-4880-BA25-6C95581BDE32}
		{468D70E1-59C0-4660-8E38-E759BF224836} = {4F8AFAFE-254A-4FAC-B874-2D9779D4B421}
	EndGlobalSection
	GlobalSection(ExtensibilityGlobals) = postSolution
		SolutionGuid = {CE0572C2-EA9D-4338-B01F-B4FBF87C4A8B}
	EndGlobalSection
EndGlobal
