
Microsoft Visual Studio Solution File, Format Version 12.00
# Visual Studio Version 16
VisualStudioVersion = 16.0.32802.440
MinimumVisualStudioVersion = 10.0.40219.1
Project("{2150E333-8FDC-42A3-9474-1A3956D46DE8}") = "Services", "Services", "{B282DE2D-C2F1-4B50-822A-BEEBB4A33C95}"
EndProject
Project("{2150E333-8FDC-42A3-9474-1A3956D46DE8}") = "Catalog", "Catalog", "{FA00FCB8-3EBB-41C2-81D3-740540E3CA22}"
EndProject
Project("{9A19103F-16F7-4668-BE54-9A1E7A4F7556}") = "Catalog.API", "Services\Catalog\Catalog.API\Catalog.API.csproj", "{88D98A1E-5C71-4F3D-B799-4B1D4E48C4DD}"
EndProject
Project("{E53339B2-1760-4266-BCC7-CA923CBCF16C}") = "docker-compose", "docker-compose.dcproj", "{7368760E-E3DE-4BC5-9468-DD9A735CDAB3}"
EndProject
Project("{2150E333-8FDC-42A3-9474-1A3956D46DE8}") = "Basket", "Basket", "{B306792C-5578-47E0-B59D-265F75CAAB1B}"
EndProject
Project("{9A19103F-16F7-4668-BE54-9A1E7A4F7556}") = "Basket.API", "Services\Basket\Basket.API\Basket.API.csproj", "{8D20EB53-6A69-47A4-AC1B-ED0CE05A6F2D}"
EndProject
Project("{2150E333-8FDC-42A3-9474-1A3956D46DE8}") = "Discount", "Discount", "{086929D3-8C93-40FF-BF99-B9345B0C137E}"
EndProject
Project("{9A19103F-16F7-4668-BE54-9A1E7A4F7556}") = "Discount.API", "Services\Discount\Discount.API\Discount.API.csproj", "{1A5848D7-20EC-415A-9196-40B47BE0B091}"
EndProject
Project("{FAE04EC0-301F-11D3-BF4B-00C04F79EFBC}") = "Discount.Grpc", "Services\Discount\Discount.Grpc\Discount.Grpc.csproj", "{445C77FB-E32C-4CE8-922F-21C72B8DCF2D}"
EndProject
Global
	GlobalSection(SolutionConfigurationPlatforms) = preSolution
		Debug|Any CPU = Debug|Any CPU
		Release|Any CPU = Release|Any CPU
	EndGlobalSection
	GlobalSection(ProjectConfigurationPlatforms) = postSolution
		{88D98A1E-5C71-4F3D-B799-4B1D4E48C4DD}.Debug|Any CPU.ActiveCfg = Debug|Any CPU
		{88D98A1E-5C71-4F3D-B799-4B1D4E48C4DD}.Debug|Any CPU.Build.0 = Debug|Any CPU
		{88D98A1E-5C71-4F3D-B799-4B1D4E48C4DD}.Release|Any CPU.ActiveCfg = Release|Any CPU
		{88D98A1E-5C71-4F3D-B799-4B1D4E48C4DD}.Release|Any CPU.Build.0 = Release|Any CPU
		{7368760E-E3DE-4BC5-9468-DD9A735CDAB3}.Debug|Any CPU.ActiveCfg = Debug|Any CPU
		{7368760E-E3DE-4BC5-9468-DD9A735CDAB3}.Debug|Any CPU.Build.0 = Debug|Any CPU
		{7368760E-E3DE-4BC5-9468-DD9A735CDAB3}.Release|Any CPU.ActiveCfg = Release|Any CPU
		{7368760E-E3DE-4BC5-9468-DD9A735CDAB3}.Release|Any CPU.Build.0 = Release|Any CPU
		{8D20EB53-6A69-47A4-AC1B-ED0CE05A6F2D}.Debug|Any CPU.ActiveCfg = Debug|Any CPU
		{8D20EB53-6A69-47A4-AC1B-ED0CE05A6F2D}.Debug|Any CPU.Build.0 = Debug|Any CPU
		{8D20EB53-6A69-47A4-AC1B-ED0CE05A6F2D}.Release|Any CPU.ActiveCfg = Release|Any CPU
		{8D20EB53-6A69-47A4-AC1B-ED0CE05A6F2D}.Release|Any CPU.Build.0 = Release|Any CPU
		{1A5848D7-20EC-415A-9196-40B47BE0B091}.Debug|Any CPU.ActiveCfg = Debug|Any CPU
		{1A5848D7-20EC-415A-9196-40B47BE0B091}.Debug|Any CPU.Build.0 = Debug|Any CPU
		{1A5848D7-20EC-415A-9196-40B47BE0B091}.Release|Any CPU.ActiveCfg = Release|Any CPU
		{1A5848D7-20EC-415A-9196-40B47BE0B091}.Release|Any CPU.Build.0 = Release|Any CPU
		{445C77FB-E32C-4CE8-922F-21C72B8DCF2D}.Debug|Any CPU.ActiveCfg = Debug|Any CPU
		{445C77FB-E32C-4CE8-922F-21C72B8DCF2D}.Debug|Any CPU.Build.0 = Debug|Any CPU
		{445C77FB-E32C-4CE8-922F-21C72B8DCF2D}.Release|Any CPU.ActiveCfg = Release|Any CPU
		{445C77FB-E32C-4CE8-922F-21C72B8DCF2D}.Release|Any CPU.Build.0 = Release|Any CPU
	EndGlobalSection
	GlobalSection(SolutionProperties) = preSolution
		HideSolutionNode = FALSE
	EndGlobalSection
	GlobalSection(NestedProjects) = preSolution
		{FA00FCB8-3EBB-41C2-81D3-740540E3CA22} = {B282DE2D-C2F1-4B50-822A-BEEBB4A33C95}
		{88D98A1E-5C71-4F3D-B799-4B1D4E48C4DD} = {FA00FCB8-3EBB-41C2-81D3-740540E3CA22}
		{B306792C-5578-47E0-B59D-265F75CAAB1B} = {B282DE2D-C2F1-4B50-822A-BEEBB4A33C95}
		{8D20EB53-6A69-47A4-AC1B-ED0CE05A6F2D} = {B306792C-5578-47E0-B59D-265F75CAAB1B}
		{086929D3-8C93-40FF-BF99-B9345B0C137E} = {B282DE2D-C2F1-4B50-822A-BEEBB4A33C95}
		{1A5848D7-20EC-415A-9196-40B47BE0B091} = {086929D3-8C93-40FF-BF99-B9345B0C137E}
		{445C77FB-E32C-4CE8-922F-21C72B8DCF2D} = {086929D3-8C93-40FF-BF99-B9345B0C137E}
	EndGlobalSection
	GlobalSection(ExtensibilityGlobals) = postSolution
		SolutionGuid = {CE0572C2-EA9D-4338-B01F-B4FBF87C4A8B}
	EndGlobalSection
EndGlobal
